// !$*UTF8*$!
{
	archiveVersion = 1;
	classes = {
	};
	objectVersion = 48;
	objects = {

/* Begin PBXBuildFile section */
		1811CA812079C2D100C56C03 /* Artwork.m in Sources */ = {isa = PBXBuildFile; fileRef = 1811CA802079C2D100C56C03 /* Artwork.m */; };
		1811CA85207B8F9C00C56C03 /* DYAssetViewController.m in Sources */ = {isa = PBXBuildFile; fileRef = 1811CA84207B8F9C00C56C03 /* DYAssetViewController.m */; };
		1811CA8A207B934F00C56C03 /* DYRecordDetailViewController.m in Sources */ = {isa = PBXBuildFile; fileRef = 1811CA89207B934F00C56C03 /* DYRecordDetailViewController.m */; };
		1811CA8C207B98FE00C56C03 /* RecordDetail.storyboard in Resources */ = {isa = PBXBuildFile; fileRef = 1811CA8B207B98FE00C56C03 /* RecordDetail.storyboard */; };
		1811CA92207B9F1A00C56C03 /* DYLocationViewController.m in Sources */ = {isa = PBXBuildFile; fileRef = 1811CA91207B9F1A00C56C03 /* DYLocationViewController.m */; };
		1811CA9E207D97FE00C56C03 /* DYReferenceViewController.m in Sources */ = {isa = PBXBuildFile; fileRef = 1811CA9D207D97FE00C56C03 /* DYReferenceViewController.m */; };
		18152F0920B26D0A009CDE93 /* shortRent@2x.png in Resources */ = {isa = PBXBuildFile; fileRef = 18152F0820B26D09009CDE93 /* shortRent@2x.png */; };
		18152F0C20B26FD3009CDE93 /* hirePurchase@2x.png in Resources */ = {isa = PBXBuildFile; fileRef = 18152F0B20B26FD3009CDE93 /* hirePurchase@2x.png */; };
		18152F0E20B26FDF009CDE93 /* shareRent@2x.png in Resources */ = {isa = PBXBuildFile; fileRef = 18152F0D20B26FDF009CDE93 /* shareRent@2x.png */; };
		18152F1020B26FED009CDE93 /* longRent@2x.png in Resources */ = {isa = PBXBuildFile; fileRef = 18152F0F20B26FEC009CDE93 /* longRent@2x.png */; };
		18152F1220B2AE34009CDE93 /* CoreLocation.framework in Frameworks */ = {isa = PBXBuildFile; fileRef = 18152F1120B2AE34009CDE93 /* CoreLocation.framework */; };
		18152F1620B3B1F5009CDE93 /* DYOperationsViewController.m in Sources */ = {isa = PBXBuildFile; fileRef = 18152F1520B3B1F5009CDE93 /* DYOperationsViewController.m */; };
		181A42C5206C93AB004EE2A1 /* AppDelegate.m in Sources */ = {isa = PBXBuildFile; fileRef = 181A42C4206C93AB004EE2A1 /* AppDelegate.m */; };
		181A42C8206C93AB004EE2A1 /* ViewController.m in Sources */ = {isa = PBXBuildFile; fileRef = 181A42C7206C93AB004EE2A1 /* ViewController.m */; };
		181A42CB206C93AB004EE2A1 /* Main.storyboard in Resources */ = {isa = PBXBuildFile; fileRef = 181A42C9206C93AB004EE2A1 /* Main.storyboard */; };
		181A42CD206C93AB004EE2A1 /* Assets.xcassets in Resources */ = {isa = PBXBuildFile; fileRef = 181A42CC206C93AB004EE2A1 /* Assets.xcassets */; };
		181A42D0206C93AB004EE2A1 /* LaunchScreen.storyboard in Resources */ = {isa = PBXBuildFile; fileRef = 181A42CE206C93AB004EE2A1 /* LaunchScreen.storyboard */; };
		181A42D3206C93AB004EE2A1 /* main.m in Sources */ = {isa = PBXBuildFile; fileRef = 181A42D2206C93AB004EE2A1 /* main.m */; };
		181A42DD206C93AB004EE2A1 /* ClouldKitDemoTests.m in Sources */ = {isa = PBXBuildFile; fileRef = 181A42DC206C93AB004EE2A1 /* ClouldKitDemoTests.m */; };
		181A42E8206C93AB004EE2A1 /* ClouldKitDemoUITests.m in Sources */ = {isa = PBXBuildFile; fileRef = 181A42E7206C93AB004EE2A1 /* ClouldKitDemoUITests.m */; };
		181A42F8206CBB93004EE2A1 /* HealthKit.framework in Frameworks */ = {isa = PBXBuildFile; fileRef = 181A42F7206CBB93004EE2A1 /* HealthKit.framework */; };
		181A4340206CC5FD004EE2A1 /* CloudKit.framework in Frameworks */ = {isa = PBXBuildFile; fileRef = 181A433F206CC5FD004EE2A1 /* CloudKit.framework */; };
		181A43492074D065004EE2A1 /* DYSaveRecordViewController.m in Sources */ = {isa = PBXBuildFile; fileRef = 181A43482074D065004EE2A1 /* DYSaveRecordViewController.m */; };
		181A434E2074D7A0004EE2A1 /* DYFetchRecordViewController.m in Sources */ = {isa = PBXBuildFile; fileRef = 181A434D2074D7A0004EE2A1 /* DYFetchRecordViewController.m */; };
/* End PBXBuildFile section */

/* Begin PBXContainerItemProxy section */
		181A42D9206C93AB004EE2A1 /* PBXContainerItemProxy */ = {
			isa = PBXContainerItemProxy;
			containerPortal = 181A42B8206C93AB004EE2A1 /* Project object */;
			proxyType = 1;
			remoteGlobalIDString = 181A42BF206C93AB004EE2A1;
			remoteInfo = ClouldKitDemo;
		};
		181A42E4206C93AB004EE2A1 /* PBXContainerItemProxy */ = {
			isa = PBXContainerItemProxy;
			containerPortal = 181A42B8206C93AB004EE2A1 /* Project object */;
			proxyType = 1;
			remoteGlobalIDString = 181A42BF206C93AB004EE2A1;
			remoteInfo = ClouldKitDemo;
		};
/* End PBXContainerItemProxy section */

/* Begin PBXFileReference section */
		1811CA7F2079C2D100C56C03 /* Artwork.h */ = {isa = PBXFileReference; lastKnownFileType = sourcecode.c.h; path = Artwork.h; sourceTree = "<group>"; };
		1811CA802079C2D100C56C03 /* Artwork.m */ = {isa = PBXFileReference; lastKnownFileType = sourcecode.c.objc; path = Artwork.m; sourceTree = "<group>"; };
		1811CA83207B8F9C00C56C03 /* DYAssetViewController.h */ = {isa = PBXFileReference; lastKnownFileType = sourcecode.c.h; path = DYAssetViewController.h; sourceTree = "<group>"; };
		1811CA84207B8F9C00C56C03 /* DYAssetViewController.m */ = {isa = PBXFileReference; lastKnownFileType = sourcecode.c.objc; path = DYAssetViewController.m; sourceTree = "<group>"; };
		1811CA88207B934F00C56C03 /* DYRecordDetailViewController.h */ = {isa = PBXFileReference; lastKnownFileType = sourcecode.c.h; path = DYRecordDetailViewController.h; sourceTree = "<group>"; };
		1811CA89207B934F00C56C03 /* DYRecordDetailViewController.m */ = {isa = PBXFileReference; lastKnownFileType = sourcecode.c.objc; path = DYRecordDetailViewController.m; sourceTree = "<group>"; };
		1811CA8B207B98FE00C56C03 /* RecordDetail.storyboard */ = {isa = PBXFileReference; lastKnownFileType = file.storyboard; path = RecordDetail.storyboard; sourceTree = "<group>"; };
		1811CA90207B9F1A00C56C03 /* DYLocationViewController.h */ = {isa = PBXFileReference; lastKnownFileType = sourcecode.c.h; path = DYLocationViewController.h; sourceTree = "<group>"; };
		1811CA91207B9F1A00C56C03 /* DYLocationViewController.m */ = {isa = PBXFileReference; lastKnownFileType = sourcecode.c.objc; path = DYLocationViewController.m; sourceTree = "<group>"; };
		1811CA9C207D97FE00C56C03 /* DYReferenceViewController.h */ = {isa = PBXFileReference; lastKnownFileType = sourcecode.c.h; path = DYReferenceViewController.h; sourceTree = "<group>"; };
		1811CA9D207D97FE00C56C03 /* DYReferenceViewController.m */ = {isa = PBXFileReference; lastKnownFileType = sourcecode.c.objc; path = DYReferenceViewController.m; sourceTree = "<group>"; };
		18152F0820B26D09009CDE93 /* shortRent@2x.png */ = {isa = PBXFileReference; lastKnownFileType = image.png; path = "shortRent@2x.png"; sourceTree = "<group>"; };
		18152F0B20B26FD3009CDE93 /* hirePurchase@2x.png */ = {isa = PBXFileReference; lastKnownFileType = image.png; name = "hirePurchase@2x.png"; path = "ClouldKitDemo/Assets.xcassets/hirePurchase.imageset/hirePurchase@2x.png"; sourceTree = SOURCE_ROOT; };
		18152F0D20B26FDF009CDE93 /* shareRent@2x.png */ = {isa = PBXFileReference; lastKnownFileType = image.png; name = "shareRent@2x.png"; path = "ClouldKitDemo/Assets.xcassets/shareRent.imageset/shareRent@2x.png"; sourceTree = SOURCE_ROOT; };
		18152F0F20B26FEC009CDE93 /* longRent@2x.png */ = {isa = PBXFileReference; lastKnownFileType = image.png; name = "longRent@2x.png"; path = "ClouldKitDemo/Assets.xcassets/longRent.imageset/longRent@2x.png"; sourceTree = SOURCE_ROOT; };
		18152F1120B2AE34009CDE93 /* CoreLocation.framework */ = {isa = PBXFileReference; lastKnownFileType = wrapper.framework; name = CoreLocation.framework; path = System/Library/Frameworks/CoreLocation.framework; sourceTree = SDKROOT; };
		18152F1420B3B1F5009CDE93 /* DYOperationsViewController.h */ = {isa = PBXFileReference; lastKnownFileType = sourcecode.c.h; path = DYOperationsViewController.h; sourceTree = "<group>"; };
		18152F1520B3B1F5009CDE93 /* DYOperationsViewController.m */ = {isa = PBXFileReference; lastKnownFileType = sourcecode.c.objc; path = DYOperationsViewController.m; sourceTree = "<group>"; };
		181A42C0206C93AB004EE2A1 /* ClouldKitDemo.app */ = {isa = PBXFileReference; explicitFileType = wrapper.application; includeInIndex = 0; path = ClouldKitDemo.app; sourceTree = BUILT_PRODUCTS_DIR; };
		181A42C3206C93AB004EE2A1 /* AppDelegate.h */ = {isa = PBXFileReference; lastKnownFileType = sourcecode.c.h; path = AppDelegate.h; sourceTree = "<group>"; };
		181A42C4206C93AB004EE2A1 /* AppDelegate.m */ = {isa = PBXFileReference; lastKnownFileType = sourcecode.c.objc; path = AppDelegate.m; sourceTree = "<group>"; };
		181A42C6206C93AB004EE2A1 /* ViewController.h */ = {isa = PBXFileReference; lastKnownFileType = sourcecode.c.h; path = ViewController.h; sourceTree = "<group>"; };
		181A42C7206C93AB004EE2A1 /* ViewController.m */ = {isa = PBXFileReference; lastKnownFileType = sourcecode.c.objc; path = ViewController.m; sourceTree = "<group>"; };
		181A42CA206C93AB004EE2A1 /* Base */ = {isa = PBXFileReference; lastKnownFileType = file.storyboard; name = Base; path = Base.lproj/Main.storyboard; sourceTree = "<group>"; };
		181A42CC206C93AB004EE2A1 /* Assets.xcassets */ = {isa = PBXFileReference; lastKnownFileType = folder.assetcatalog; path = Assets.xcassets; sourceTree = "<group>"; };
		181A42CF206C93AB004EE2A1 /* Base */ = {isa = PBXFileReference; lastKnownFileType = file.storyboard; name = Base; path = Base.lproj/LaunchScreen.storyboard; sourceTree = "<group>"; };
		181A42D1206C93AB004EE2A1 /* Info.plist */ = {isa = PBXFileReference; lastKnownFileType = text.plist.xml; path = Info.plist; sourceTree = "<group>"; };
		181A42D2206C93AB004EE2A1 /* main.m */ = {isa = PBXFileReference; lastKnownFileType = sourcecode.c.objc; path = main.m; sourceTree = "<group>"; };
		181A42D8206C93AB004EE2A1 /* ClouldKitDemoTests.xctest */ = {isa = PBXFileReference; explicitFileType = wrapper.cfbundle; includeInIndex = 0; path = ClouldKitDemoTests.xctest; sourceTree = BUILT_PRODUCTS_DIR; };
		181A42DC206C93AB004EE2A1 /* ClouldKitDemoTests.m */ = {isa = PBXFileReference; lastKnownFileType = sourcecode.c.objc; path = ClouldKitDemoTests.m; sourceTree = "<group>"; };
		181A42DE206C93AB004EE2A1 /* Info.plist */ = {isa = PBXFileReference; lastKnownFileType = text.plist.xml; path = Info.plist; sourceTree = "<group>"; };
		181A42E3206C93AB004EE2A1 /* ClouldKitDemoUITests.xctest */ = {isa = PBXFileReference; explicitFileType = wrapper.cfbundle; includeInIndex = 0; path = ClouldKitDemoUITests.xctest; sourceTree = BUILT_PRODUCTS_DIR; };
		181A42E7206C93AB004EE2A1 /* ClouldKitDemoUITests.m */ = {isa = PBXFileReference; lastKnownFileType = sourcecode.c.objc; path = ClouldKitDemoUITests.m; sourceTree = "<group>"; };
		181A42E9206C93AB004EE2A1 /* Info.plist */ = {isa = PBXFileReference; lastKnownFileType = text.plist.xml; path = Info.plist; sourceTree = "<group>"; };
		181A42F5206CBB93004EE2A1 /* ClouldKitDemo.entitlements */ = {isa = PBXFileReference; lastKnownFileType = text.plist.entitlements; path = ClouldKitDemo.entitlements; sourceTree = "<group>"; };
		181A42F7206CBB93004EE2A1 /* HealthKit.framework */ = {isa = PBXFileReference; lastKnownFileType = wrapper.framework; name = HealthKit.framework; path = System/Library/Frameworks/HealthKit.framework; sourceTree = SDKROOT; };
		181A433F206CC5FD004EE2A1 /* CloudKit.framework */ = {isa = PBXFileReference; lastKnownFileType = wrapper.framework; name = CloudKit.framework; path = System/Library/Frameworks/CloudKit.framework; sourceTree = SDKROOT; };
		181A43472074D065004EE2A1 /* DYSaveRecordViewController.h */ = {isa = PBXFileReference; lastKnownFileType = sourcecode.c.h; path = DYSaveRecordViewController.h; sourceTree = "<group>"; };
		181A43482074D065004EE2A1 /* DYSaveRecordViewController.m */ = {isa = PBXFileReference; lastKnownFileType = sourcecode.c.objc; path = DYSaveRecordViewController.m; sourceTree = "<group>"; };
		181A434A2074D243004EE2A1 /* PrefixHeader.pch */ = {isa = PBXFileReference; lastKnownFileType = sourcecode.c.h; path = PrefixHeader.pch; sourceTree = "<group>"; };
		181A434C2074D7A0004EE2A1 /* DYFetchRecordViewController.h */ = {isa = PBXFileReference; lastKnownFileType = sourcecode.c.h; path = DYFetchRecordViewController.h; sourceTree = "<group>"; };
		181A434D2074D7A0004EE2A1 /* DYFetchRecordViewController.m */ = {isa = PBXFileReference; lastKnownFileType = sourcecode.c.objc; path = DYFetchRecordViewController.m; sourceTree = "<group>"; };
/* End PBXFileReference section */

/* Begin PBXFrameworksBuildPhase section */
		181A42BD206C93AB004EE2A1 /* Frameworks */ = {
			isa = PBXFrameworksBuildPhase;
			buildActionMask = 2147483647;
			files = (
				18152F1220B2AE34009CDE93 /* CoreLocation.framework in Frameworks */,
				181A42F8206CBB93004EE2A1 /* HealthKit.framework in Frameworks */,
				181A4340206CC5FD004EE2A1 /* CloudKit.framework in Frameworks */,
			);
			runOnlyForDeploymentPostprocessing = 0;
		};
		181A42D5206C93AB004EE2A1 /* Frameworks */ = {
			isa = PBXFrameworksBuildPhase;
			buildActionMask = 2147483647;
			files = (
			);
			runOnlyForDeploymentPostprocessing = 0;
		};
		181A42E0206C93AB004EE2A1 /* Frameworks */ = {
			isa = PBXFrameworksBuildPhase;
			buildActionMask = 2147483647;
			files = (
			);
			runOnlyForDeploymentPostprocessing = 0;
		};
/* End PBXFrameworksBuildPhase section */

/* Begin PBXGroup section */
		1811CA7E2079C2A800C56C03 /* Model */ = {
			isa = PBXGroup;
			children = (
				1811CA7F2079C2D100C56C03 /* Artwork.h */,
				1811CA802079C2D100C56C03 /* Artwork.m */,
			);
			path = Model;
			sourceTree = "<group>";
		};
		1811CA82207B8F7F00C56C03 /* Asset */ = {
			isa = PBXGroup;
			children = (
				1811CA83207B8F9C00C56C03 /* DYAssetViewController.h */,
				1811CA84207B8F9C00C56C03 /* DYAssetViewController.m */,
			);
			path = Asset;
			sourceTree = "<group>";
		};
		1811CA8D207B9DE200C56C03 /* Storyboard */ = {
			isa = PBXGroup;
			children = (
				181A42CE206C93AB004EE2A1 /* LaunchScreen.storyboard */,
				181A42C9206C93AB004EE2A1 /* Main.storyboard */,
				1811CA8B207B98FE00C56C03 /* RecordDetail.storyboard */,
			);
			path = Storyboard;
			sourceTree = "<group>";
		};
		1811CA8E207B9E2600C56C03 /* Main */ = {
			isa = PBXGroup;
			children = (
				181A42D2206C93AB004EE2A1 /* main.m */,
				181A42C3206C93AB004EE2A1 /* AppDelegate.h */,
				181A42C4206C93AB004EE2A1 /* AppDelegate.m */,
				181A42C6206C93AB004EE2A1 /* ViewController.h */,
				181A42C7206C93AB004EE2A1 /* ViewController.m */,
			);
			path = Main;
			sourceTree = "<group>";
		};
		1811CA8F207B9EA200C56C03 /* Location */ = {
			isa = PBXGroup;
			children = (
				1811CA90207B9F1A00C56C03 /* DYLocationViewController.h */,
				1811CA91207B9F1A00C56C03 /* DYLocationViewController.m */,
			);
			path = Location;
			sourceTree = "<group>";
		};
		1811CA9B207D97D700C56C03 /* Reference */ = {
			isa = PBXGroup;
			children = (
				1811CA9C207D97FE00C56C03 /* DYReferenceViewController.h */,
				1811CA9D207D97FE00C56C03 /* DYReferenceViewController.m */,
			);
			path = Reference;
			sourceTree = "<group>";
		};
		18152F0A20B26D3C009CDE93 /* res */ = {
			isa = PBXGroup;
			children = (
				18152F0F20B26FEC009CDE93 /* longRent@2x.png */,
				18152F0D20B26FDF009CDE93 /* shareRent@2x.png */,
				18152F0B20B26FD3009CDE93 /* hirePurchase@2x.png */,
				18152F0820B26D09009CDE93 /* shortRent@2x.png */,
			);
			path = res;
			sourceTree = "<group>";
		};
		18152F1320B3B1CB009CDE93 /* Operations */ = {
			isa = PBXGroup;
			children = (
				18152F1420B3B1F5009CDE93 /* DYOperationsViewController.h */,
				18152F1520B3B1F5009CDE93 /* DYOperationsViewController.m */,
			);
			path = Operations;
			sourceTree = "<group>";
		};
		181A42B7206C93AB004EE2A1 = {
			isa = PBXGroup;
			children = (
				181A42C2206C93AB004EE2A1 /* ClouldKitDemo */,
				181A42DB206C93AB004EE2A1 /* ClouldKitDemoTests */,
				181A42E6206C93AB004EE2A1 /* ClouldKitDemoUITests */,
				181A42C1206C93AB004EE2A1 /* Products */,
				181A42F6206CBB93004EE2A1 /* Frameworks */,
			);
			sourceTree = "<group>";
		};
		181A42C1206C93AB004EE2A1 /* Products */ = {
			isa = PBXGroup;
			children = (
				181A42C0206C93AB004EE2A1 /* ClouldKitDemo.app */,
				181A42D8206C93AB004EE2A1 /* ClouldKitDemoTests.xctest */,
				181A42E3206C93AB004EE2A1 /* ClouldKitDemoUITests.xctest */,
			);
			name = Products;
			sourceTree = "<group>";
		};
		181A42C2206C93AB004EE2A1 /* ClouldKitDemo */ = {
			isa = PBXGroup;
			children = (
				18152F1320B3B1CB009CDE93 /* Operations */,
				1811CA9B207D97D700C56C03 /* Reference */,
				1811CA8F207B9EA200C56C03 /* Location */,
				1811CA82207B8F7F00C56C03 /* Asset */,
				1811CA7E2079C2A800C56C03 /* Model */,
				181A434B2074D776004EE2A1 /* FetchRecord */,
				181A43462074D031004EE2A1 /* SaveRecord */,
				1811CA8E207B9E2600C56C03 /* Main */,
				1811CA8D207B9DE200C56C03 /* Storyboard */,
				181A42F5206CBB93004EE2A1 /* ClouldKitDemo.entitlements */,
				181A42CC206C93AB004EE2A1 /* Assets.xcassets */,
				181A42D1206C93AB004EE2A1 /* Info.plist */,
				181A434A2074D243004EE2A1 /* PrefixHeader.pch */,
				18152F0A20B26D3C009CDE93 /* res */,
			);
			path = ClouldKitDemo;
			sourceTree = "<group>";
		};
		181A42DB206C93AB004EE2A1 /* ClouldKitDemoTests */ = {
			isa = PBXGroup;
			children = (
				181A42DC206C93AB004EE2A1 /* ClouldKitDemoTests.m */,
				181A42DE206C93AB004EE2A1 /* Info.plist */,
			);
			path = ClouldKitDemoTests;
			sourceTree = "<group>";
		};
		181A42E6206C93AB004EE2A1 /* ClouldKitDemoUITests */ = {
			isa = PBXGroup;
			children = (
				181A42E7206C93AB004EE2A1 /* ClouldKitDemoUITests.m */,
				181A42E9206C93AB004EE2A1 /* Info.plist */,
			);
			path = ClouldKitDemoUITests;
			sourceTree = "<group>";
		};
		181A42F6206CBB93004EE2A1 /* Frameworks */ = {
			isa = PBXGroup;
			children = (
				18152F1120B2AE34009CDE93 /* CoreLocation.framework */,
				181A433F206CC5FD004EE2A1 /* CloudKit.framework */,
				181A42F7206CBB93004EE2A1 /* HealthKit.framework */,
			);
			name = Frameworks;
			sourceTree = "<group>";
		};
		181A43462074D031004EE2A1 /* SaveRecord */ = {
			isa = PBXGroup;
			children = (
				181A43472074D065004EE2A1 /* DYSaveRecordViewController.h */,
				181A43482074D065004EE2A1 /* DYSaveRecordViewController.m */,
			);
			path = SaveRecord;
			sourceTree = "<group>";
		};
		181A434B2074D776004EE2A1 /* FetchRecord */ = {
			isa = PBXGroup;
			children = (
				181A434C2074D7A0004EE2A1 /* DYFetchRecordViewController.h */,
				181A434D2074D7A0004EE2A1 /* DYFetchRecordViewController.m */,
				1811CA88207B934F00C56C03 /* DYRecordDetailViewController.h */,
				1811CA89207B934F00C56C03 /* DYRecordDetailViewController.m */,
			);
			path = FetchRecord;
			sourceTree = "<group>";
		};
/* End PBXGroup section */

/* Begin PBXNativeTarget section */
		181A42BF206C93AB004EE2A1 /* ClouldKitDemo */ = {
			isa = PBXNativeTarget;
			buildConfigurationList = 181A42EC206C93AB004EE2A1 /* Build configuration list for PBXNativeTarget "ClouldKitDemo" */;
			buildPhases = (
				181A42BC206C93AB004EE2A1 /* Sources */,
				181A42BD206C93AB004EE2A1 /* Frameworks */,
				181A42BE206C93AB004EE2A1 /* Resources */,
			);
			buildRules = (
			);
			dependencies = (
			);
			name = ClouldKitDemo;
			productName = ClouldKitDemo;
			productReference = 181A42C0206C93AB004EE2A1 /* ClouldKitDemo.app */;
			productType = "com.apple.product-type.application";
		};
		181A42D7206C93AB004EE2A1 /* ClouldKitDemoTests */ = {
			isa = PBXNativeTarget;
			buildConfigurationList = 181A42EF206C93AB004EE2A1 /* Build configuration list for PBXNativeTarget "ClouldKitDemoTests" */;
			buildPhases = (
				181A42D4206C93AB004EE2A1 /* Sources */,
				181A42D5206C93AB004EE2A1 /* Frameworks */,
				181A42D6206C93AB004EE2A1 /* Resources */,
			);
			buildRules = (
			);
			dependencies = (
				181A42DA206C93AB004EE2A1 /* PBXTargetDependency */,
			);
			name = ClouldKitDemoTests;
			productName = ClouldKitDemoTests;
			productReference = 181A42D8206C93AB004EE2A1 /* ClouldKitDemoTests.xctest */;
			productType = "com.apple.product-type.bundle.unit-test";
		};
		181A42E2206C93AB004EE2A1 /* ClouldKitDemoUITests */ = {
			isa = PBXNativeTarget;
			buildConfigurationList = 181A42F2206C93AB004EE2A1 /* Build configuration list for PBXNativeTarget "ClouldKitDemoUITests" */;
			buildPhases = (
				181A42DF206C93AB004EE2A1 /* Sources */,
				181A42E0206C93AB004EE2A1 /* Frameworks */,
				181A42E1206C93AB004EE2A1 /* Resources */,
			);
			buildRules = (
			);
			dependencies = (
				181A42E5206C93AB004EE2A1 /* PBXTargetDependency */,
			);
			name = ClouldKitDemoUITests;
			productName = ClouldKitDemoUITests;
			productReference = 181A42E3206C93AB004EE2A1 /* ClouldKitDemoUITests.xctest */;
			productType = "com.apple.product-type.bundle.ui-testing";
		};
/* End PBXNativeTarget section */

/* Begin PBXProject section */
		181A42B8206C93AB004EE2A1 /* Project object */ = {
			isa = PBXProject;
			attributes = {
				LastUpgradeCheck = 0920;
				ORGANIZATIONNAME = "Dongwu Yang";
				TargetAttributes = {
					181A42BF206C93AB004EE2A1 = {
						CreatedOnToolsVersion = 9.2;
						ProvisioningStyle = Automatic;
						SystemCapabilities = {
							com.apple.BackgroundModes = {
								enabled = 0;
							};
							com.apple.HealthKit = {
								enabled = 1;
							};
							com.apple.Push = {
								enabled = 1;
							};
							com.apple.iCloud = {
								enabled = 1;
							};
						};
					};
					181A42D7206C93AB004EE2A1 = {
						CreatedOnToolsVersion = 9.2;
						ProvisioningStyle = Automatic;
						TestTargetID = 181A42BF206C93AB004EE2A1;
					};
					181A42E2206C93AB004EE2A1 = {
						CreatedOnToolsVersion = 9.2;
						ProvisioningStyle = Automatic;
						TestTargetID = 181A42BF206C93AB004EE2A1;
					};
				};
			};
			buildConfigurationList = 181A42BB206C93AB004EE2A1 /* Build configuration list for PBXProject "ClouldKitDemo" */;
			compatibilityVersion = "Xcode 8.0";
			developmentRegion = en;
			hasScannedForEncodings = 0;
			knownRegions = (
				en,
				Base,
			);
			mainGroup = 181A42B7206C93AB004EE2A1;
			productRefGroup = 181A42C1206C93AB004EE2A1 /* Products */;
			projectDirPath = "";
			projectRoot = "";
			targets = (
				181A42BF206C93AB004EE2A1 /* ClouldKitDemo */,
				181A42D7206C93AB004EE2A1 /* ClouldKitDemoTests */,
				181A42E2206C93AB004EE2A1 /* ClouldKitDemoUITests */,
			);
		};
/* End PBXProject section */

/* Begin PBXResourcesBuildPhase section */
		181A42BE206C93AB004EE2A1 /* Resources */ = {
			isa = PBXResourcesBuildPhase;
			buildActionMask = 2147483647;
			files = (
				1811CA8C207B98FE00C56C03 /* RecordDetail.storyboard in Resources */,
				18152F0E20B26FDF009CDE93 /* shareRent@2x.png in Resources */,
				18152F0920B26D0A009CDE93 /* shortRent@2x.png in Resources */,
				181A42D0206C93AB004EE2A1 /* LaunchScreen.storyboard in Resources */,
				181A42CD206C93AB004EE2A1 /* Assets.xcassets in Resources */,
				18152F1020B26FED009CDE93 /* longRent@2x.png in Resources */,
				181A42CB206C93AB004EE2A1 /* Main.storyboard in Resources */,
				18152F0C20B26FD3009CDE93 /* hirePurchase@2x.png in Resources */,
			);
			runOnlyForDeploymentPostprocessing = 0;
		};
		181A42D6206C93AB004EE2A1 /* Resources */ = {
			isa = PBXResourcesBuildPhase;
			buildActionMask = 2147483647;
			files = (
			);
			runOnlyForDeploymentPostprocessing = 0;
		};
		181A42E1206C93AB004EE2A1 /* Resources */ = {
			isa = PBXResourcesBuildPhase;
			buildActionMask = 2147483647;
			files = (
			);
			runOnlyForDeploymentPostprocessing = 0;
		};
/* End PBXResourcesBuildPhase section */

/* Begin PBXSourcesBuildPhase section */
		181A42BC206C93AB004EE2A1 /* Sources */ = {
			isa = PBXSourcesBuildPhase;
			buildActionMask = 2147483647;
			files = (
				181A42C8206C93AB004EE2A1 /* ViewController.m in Sources */,
				1811CA9E207D97FE00C56C03 /* DYReferenceViewController.m in Sources */,
				181A434E2074D7A0004EE2A1 /* DYFetchRecordViewController.m in Sources */,
				1811CA812079C2D100C56C03 /* Artwork.m in Sources */,
				181A43492074D065004EE2A1 /* DYSaveRecordViewController.m in Sources */,
				18152F1620B3B1F5009CDE93 /* DYOperationsViewController.m in Sources */,
				181A42D3206C93AB004EE2A1 /* main.m in Sources */,
				1811CA92207B9F1A00C56C03 /* DYLocationViewController.m in Sources */,
				1811CA85207B8F9C00C56C03 /* DYAssetViewController.m in Sources */,
				181A42C5206C93AB004EE2A1 /* AppDelegate.m in Sources */,
				1811CA8A207B934F00C56C03 /* DYRecordDetailViewController.m in Sources */,
			);
			runOnlyForDeploymentPostprocessing = 0;
		};
		181A42D4206C93AB004EE2A1 /* Sources */ = {
			isa = PBXSourcesBuildPhase;
			buildActionMask = 2147483647;
			files = (
				181A42DD206C93AB004EE2A1 /* ClouldKitDemoTests.m in Sources */,
			);
			runOnlyForDeploymentPostprocessing = 0;
		};
		181A42DF206C93AB004EE2A1 /* Sources */ = {
			isa = PBXSourcesBuildPhase;
			buildActionMask = 2147483647;
			files = (
				181A42E8206C93AB004EE2A1 /* ClouldKitDemoUITests.m in Sources */,
			);
			runOnlyForDeploymentPostprocessing = 0;
		};
/* End PBXSourcesBuildPhase section */

/* Begin PBXTargetDependency section */
		181A42DA206C93AB004EE2A1 /* PBXTargetDependency */ = {
			isa = PBXTargetDependency;
			target = 181A42BF206C93AB004EE2A1 /* ClouldKitDemo */;
			targetProxy = 181A42D9206C93AB004EE2A1 /* PBXContainerItemProxy */;
		};
		181A42E5206C93AB004EE2A1 /* PBXTargetDependency */ = {
			isa = PBXTargetDependency;
			target = 181A42BF206C93AB004EE2A1 /* ClouldKitDemo */;
			targetProxy = 181A42E4206C93AB004EE2A1 /* PBXContainerItemProxy */;
		};
/* End PBXTargetDependency section */

/* Begin PBXVariantGroup section */
		181A42C9206C93AB004EE2A1 /* Main.storyboard */ = {
			isa = PBXVariantGroup;
			children = (
				181A42CA206C93AB004EE2A1 /* Base */,
			);
			name = Main.storyboard;
			sourceTree = "<group>";
		};
		181A42CE206C93AB004EE2A1 /* LaunchScreen.storyboard */ = {
			isa = PBXVariantGroup;
			children = (
				181A42CF206C93AB004EE2A1 /* Base */,
			);
			name = LaunchScreen.storyboard;
			sourceTree = "<group>";
		};
/* End PBXVariantGroup section */

/* Begin XCBuildConfiguration section */
		181A42EA206C93AB004EE2A1 /* Debug */ = {
			isa = XCBuildConfiguration;
			buildSettings = {
				ALWAYS_SEARCH_USER_PATHS = NO;
				CLANG_ANALYZER_NONNULL = YES;
				CLANG_ANALYZER_NUMBER_OBJECT_CONVERSION = YES_AGGRESSIVE;
				CLANG_CXX_LANGUAGE_STANDARD = "gnu++14";
				CLANG_CXX_LIBRARY = "libc++";
				CLANG_ENABLE_MODULES = YES;
				CLANG_ENABLE_OBJC_ARC = YES;
				CLANG_WARN_BLOCK_CAPTURE_AUTORELEASING = YES;
				CLANG_WARN_BOOL_CONVERSION = YES;
				CLANG_WARN_COMMA = YES;
				CLANG_WARN_CONSTANT_CONVERSION = YES;
				CLANG_WARN_DIRECT_OBJC_ISA_USAGE = YES_ERROR;
				CLANG_WARN_DOCUMENTATION_COMMENTS = YES;
				CLANG_WARN_EMPTY_BODY = YES;
				CLANG_WARN_ENUM_CONVERSION = YES;
				CLANG_WARN_INFINITE_RECURSION = YES;
				CLANG_WARN_INT_CONVERSION = YES;
				CLANG_WARN_NON_LITERAL_NULL_CONVERSION = YES;
				CLANG_WARN_OBJC_LITERAL_CONVERSION = YES;
				CLANG_WARN_OBJC_ROOT_CLASS = YES_ERROR;
				CLANG_WARN_RANGE_LOOP_ANALYSIS = YES;
				CLANG_WARN_STRICT_PROTOTYPES = YES;
				CLANG_WARN_SUSPICIOUS_MOVE = YES;
				CLANG_WARN_UNGUARDED_AVAILABILITY = YES_AGGRESSIVE;
				CLANG_WARN_UNREACHABLE_CODE = YES;
				CLANG_WARN__DUPLICATE_METHOD_MATCH = YES;
				CODE_SIGN_IDENTITY = "iPhone Developer";
				COPY_PHASE_STRIP = NO;
				DEBUG_INFORMATION_FORMAT = dwarf;
				ENABLE_STRICT_OBJC_MSGSEND = YES;
				ENABLE_TESTABILITY = YES;
				GCC_C_LANGUAGE_STANDARD = gnu11;
				GCC_DYNAMIC_NO_PIC = NO;
				GCC_NO_COMMON_BLOCKS = YES;
				GCC_OPTIMIZATION_LEVEL = 0;
				GCC_PREPROCESSOR_DEFINITIONS = (
					"DEBUG=1",
					"$(inherited)",
				);
				GCC_WARN_64_TO_32_BIT_CONVERSION = YES;
				GCC_WARN_ABOUT_RETURN_TYPE = YES_ERROR;
				GCC_WARN_UNDECLARED_SELECTOR = YES;
				GCC_WARN_UNINITIALIZED_AUTOS = YES_AGGRESSIVE;
				GCC_WARN_UNUSED_FUNCTION = YES;
				GCC_WARN_UNUSED_VARIABLE = YES;
				IPHONEOS_DEPLOYMENT_TARGET = 11.2;
				MTL_ENABLE_DEBUG_INFO = YES;
				ONLY_ACTIVE_ARCH = YES;
				SDKROOT = iphoneos;
			};
			name = Debug;
		};
		181A42EB206C93AB004EE2A1 /* Release */ = {
			isa = XCBuildConfiguration;
			buildSettings = {
				ALWAYS_SEARCH_USER_PATHS = NO;
				CLANG_ANALYZER_NONNULL = YES;
				CLANG_ANALYZER_NUMBER_OBJECT_CONVERSION = YES_AGGRESSIVE;
				CLANG_CXX_LANGUAGE_STANDARD = "gnu++14";
				CLANG_CXX_LIBRARY = "libc++";
				CLANG_ENABLE_MODULES = YES;
				CLANG_ENABLE_OBJC_ARC = YES;
				CLANG_WARN_BLOCK_CAPTURE_AUTORELEASING = YES;
				CLANG_WARN_BOOL_CONVERSION = YES;
				CLANG_WARN_COMMA = YES;
				CLANG_WARN_CONSTANT_CONVERSION = YES;
				CLANG_WARN_DIRECT_OBJC_ISA_USAGE = YES_ERROR;
				CLANG_WARN_DOCUMENTATION_COMMENTS = YES;
				CLANG_WARN_EMPTY_BODY = YES;
				CLANG_WARN_ENUM_CONVERSION = YES;
				CLANG_WARN_INFINITE_RECURSION = YES;
				CLANG_WARN_INT_CONVERSION = YES;
				CLANG_WARN_NON_LITERAL_NULL_CONVERSION = YES;
				CLANG_WARN_OBJC_LITERAL_CONVERSION = YES;
				CLANG_WARN_OBJC_ROOT_CLASS = YES_ERROR;
				CLANG_WARN_RANGE_LOOP_ANALYSIS = YES;
				CLANG_WARN_STRICT_PROTOTYPES = YES;
				CLANG_WARN_SUSPICIOUS_MOVE = YES;
				CLANG_WARN_UNGUARDED_AVAILABILITY = YES_AGGRESSIVE;
				CLANG_WARN_UNREACHABLE_CODE = YES;
				CLANG_WARN__DUPLICATE_METHOD_MATCH = YES;
				CODE_SIGN_IDENTITY = "iPhone Developer";
				COPY_PHASE_STRIP = NO;
				DEBUG_INFORMATION_FORMAT = "dwarf-with-dsym";
				ENABLE_NS_ASSERTIONS = NO;
				ENABLE_STRICT_OBJC_MSGSEND = YES;
				GCC_C_LANGUAGE_STANDARD = gnu11;
				GCC_NO_COMMON_BLOCKS = YES;
				GCC_WARN_64_TO_32_BIT_CONVERSION = YES;
				GCC_WARN_ABOUT_RETURN_TYPE = YES_ERROR;
				GCC_WARN_UNDECLARED_SELECTOR = YES;
				GCC_WARN_UNINITIALIZED_AUTOS = YES_AGGRESSIVE;
				GCC_WARN_UNUSED_FUNCTION = YES;
				GCC_WARN_UNUSED_VARIABLE = YES;
				IPHONEOS_DEPLOYMENT_TARGET = 11.2;
				MTL_ENABLE_DEBUG_INFO = NO;
				SDKROOT = iphoneos;
				VALIDATE_PRODUCT = YES;
			};
			name = Release;
		};
		181A42ED206C93AB004EE2A1 /* Debug */ = {
			isa = XCBuildConfiguration;
			buildSettings = {
				ASSETCATALOG_COMPILER_APPICON_NAME = AppIcon;
				CODE_SIGN_ENTITLEMENTS = ClouldKitDemo/ClouldKitDemo.entitlements;
				"CODE_SIGN_IDENTITY[sdk=iphoneos*]" = "iPhone Developer";
				CODE_SIGN_STYLE = Automatic;
				DEVELOPMENT_TEAM = 9G2LMW2897;
				GCC_INCREASE_PRECOMPILED_HEADER_SHARING = NO;
				GCC_PRECOMPILE_PREFIX_HEADER = NO;
				GCC_PREFIX_HEADER = "$(SRCROOT)/$(PROJECT)/PrefixHeader.pch";
				INFOPLIST_FILE = ClouldKitDemo/Info.plist;
				LD_RUNPATH_SEARCH_PATHS = "$(inherited) @executable_path/Frameworks";
				PRODUCT_BUNDLE_IDENTIFIER = com.Dov.ClouldKitDemo;
				PRODUCT_NAME = "$(TARGET_NAME)";
				PROVISIONING_PROFILE = "";
				PROVISIONING_PROFILE_SPECIFIER = "";
				TARGETED_DEVICE_FAMILY = "1,2";
			};
			name = Debug;
		};
		181A42EE206C93AB004EE2A1 /* Release */ = {
			isa = XCBuildConfiguration;
			buildSettings = {
				ASSETCATALOG_COMPILER_APPICON_NAME = AppIcon;
				CODE_SIGN_ENTITLEMENTS = ClouldKitDemo/ClouldKitDemo.entitlements;
				"CODE_SIGN_IDENTITY[sdk=iphoneos*]" = "iPhone Developer";
				CODE_SIGN_STYLE = Automatic;
				DEVELOPMENT_TEAM = 9G2LMW2897;
				GCC_INCREASE_PRECOMPILED_HEADER_SHARING = NO;
				GCC_PRECOMPILE_PREFIX_HEADER = NO;
				GCC_PREFIX_HEADER = "$(SRCROOT)/$(PROJECT)/PrefixHeader.pch";
				INFOPLIST_FILE = ClouldKitDemo/Info.plist;
				LD_RUNPATH_SEARCH_PATHS = "$(inherited) @executable_path/Frameworks";
				PRODUCT_BUNDLE_IDENTIFIER = com.Dov.ClouldKitDemo;
				PRODUCT_NAME = "$(TARGET_NAME)";
				PROVISIONING_PROFILE = "";
				PROVISIONING_PROFILE_SPECIFIER = "";
				TARGETED_DEVICE_FAMILY = "1,2";
			};
			name = Release;
		};
		181A42F0206C93AB004EE2A1 /* Debug */ = {
			isa = XCBuildConfiguration;
			buildSettings = {
				BUNDLE_LOADER = "$(TEST_HOST)";
				CODE_SIGN_STYLE = Automatic;
				DEVELOPMENT_TEAM = 9G2LMW2897;
				INFOPLIST_FILE = ClouldKitDemoTests/Info.plist;
				LD_RUNPATH_SEARCH_PATHS = "$(inherited) @executable_path/Frameworks @loader_path/Frameworks";
				PRODUCT_BUNDLE_IDENTIFIER = com.Dov.ClouldKitDemoTests;
				PRODUCT_NAME = "$(TARGET_NAME)";
				TARGETED_DEVICE_FAMILY = "1,2";
				TEST_HOST = "$(BUILT_PRODUCTS_DIR)/ClouldKitDemo.app/ClouldKitDemo";
			};
			name = Debug;
		};
		181A42F1206C93AB004EE2A1 /* Release */ = {
			isa = XCBuildConfiguration;
			buildSettings = {
				BUNDLE_LOADER = "$(TEST_HOST)";
				CODE_SIGN_STYLE = Automatic;
				DEVELOPMENT_TEAM = 9G2LMW2897;
				INFOPLIST_FILE = ClouldKitDemoTests/Info.plist;
				LD_RUNPATH_SEARCH_PATHS = "$(inherited) @executable_path/Frameworks @loader_path/Frameworks";
				PRODUCT_BUNDLE_IDENTIFIER = com.Dov.ClouldKitDemoTests;
				PRODUCT_NAME = "$(TARGET_NAME)";
				TARGETED_DEVICE_FAMILY = "1,2";
				TEST_HOST = "$(BUILT_PRODUCTS_DIR)/ClouldKitDemo.app/ClouldKitDemo";
			};
			name = Release;
		};
		181A42F3206C93AB004EE2A1 /* Debug */ = {
			isa = XCBuildConfiguration;
			buildSettings = {
				CODE_SIGN_STYLE = Automatic;
				DEVELOPMENT_TEAM = 9G2LMW2897;
				INFOPLIST_FILE = ClouldKitDemoUITests/Info.plist;
				LD_RUNPATH_SEARCH_PATHS = "$(inherited) @executable_path/Frameworks @loader_path/Frameworks";
				PRODUCT_BUNDLE_IDENTIFIER = com.Dov.ClouldKitDemoUITests;
				PRODUCT_NAME = "$(TARGET_NAME)";
				TARGETED_DEVICE_FAMILY = "1,2";
				TEST_TARGET_NAME = ClouldKitDemo;
			};
			name = Debug;
		};
		181A42F4206C93AB004EE2A1 /* Release */ = {
			isa = XCBuildConfiguration;
			buildSettings = {
				CODE_SIGN_STYLE = Automatic;
				DEVELOPMENT_TEAM = 9G2LMW2897;
				INFOPLIST_FILE = ClouldKitDemoUITests/Info.plist;
				LD_RUNPATH_SEARCH_PATHS = "$(inherited) @executable_path/Frameworks @loader_path/Frameworks";
				PRODUCT_BUNDLE_IDENTIFIER = com.Dov.ClouldKitDemoUITests;
				PRODUCT_NAME = "$(TARGET_NAME)";
				TARGETED_DEVICE_FAMILY = "1,2";
				TEST_TARGET_NAME = ClouldKitDemo;
			};
			name = Release;
		};
/* End XCBuildConfiguration section */

/* Begin XCConfigurationList section */
		181A42BB206C93AB004EE2A1 /* Build configuration list for PBXProject "ClouldKitDemo" */ = {
			isa = XCConfigurationList;
			buildConfigurations = (
				181A42EA206C93AB004EE2A1 /* Debug */,
				181A42EB206C93AB004EE2A1 /* Release */,
			);
			defaultConfigurationIsVisible = 0;
			defaultConfigurationName = Release;
		};
		181A42EC206C93AB004EE2A1 /* Build configuration list for PBXNativeTarget "ClouldKitDemo" */ = {
			isa = XCConfigurationList;
			buildConfigurations = (
				181A42ED206C93AB004EE2A1 /* Debug */,
				181A42EE206C93AB004EE2A1 /* Release */,
			);
			defaultConfigurationIsVisible = 0;
			defaultConfigurationName = Release;
		};
		181A42EF206C93AB004EE2A1 /* Build configuration list for PBXNativeTarget "ClouldKitDemoTests" */ = {
			isa = XCConfigurationList;
			buildConfigurations = (
				181A42F0206C93AB004EE2A1 /* Debug */,
				181A42F1206C93AB004EE2A1 /* Release */,
			);
			defaultConfigurationIsVisible = 0;
			defaultConfigurationName = Release;
		};
		181A42F2206C93AB004EE2A1 /* Build configuration list for PBXNativeTarget "ClouldKitDemoUITests" */ = {
			isa = XCConfigurationList;
			buildConfigurations = (
				181A42F3206C93AB004EE2A1 /* Debug */,
				181A42F4206C93AB004EE2A1 /* Release */,
			);
			defaultConfigurationIsVisible = 0;
			defaultConfigurationName = Release;
		};
/* End XCConfigurationList section */
	};
	rootObject = 181A42B8206C93AB004EE2A1 /* Project object */;
}
